{
  "nodes": {
    "flake-utils": {
      "locked": {
        "lastModified": 1659877975,
        "narHash": "sha256-zllb8aq3YO3h8B/U0/J1WBgAL8EX5yWf5pMj3G0NAmc=",
        "owner": "numtide",
        "repo": "flake-utils",
        "rev": "c0e246b9b83f637f4681389ecabcb2681b4f3af0",
        "type": "github"
      },
      "original": {
        "owner": "numtide",
        "repo": "flake-utils",
        "type": "github"
      }
    },
    "home-manager": {
      "inputs": {
        "nixpkgs": [
          "nixpkgs"
        ]
      },
      "locked": {
        "lastModified": 1711133180,
        "narHash": "sha256-WJOahf+6115+GMl3wUfURu8fszuNeJLv9qAWFQl3Vmo=",
        "owner": "nix-community",
        "repo": "home-manager",
        "rev": "1c2c5e4cabba4c43504ef0f8cc3f3dfa284e2dbb",
        "type": "github"
      },
      "original": {
        "owner": "nix-community",
        "repo": "home-manager",
        "type": "github"
      }
    },
    "neogit": {
      "flake": false,
      "locked": {
        "lastModified": 1711128788,
        "narHash": "sha256-xF/6vtbpM0M0XFZdcVIxj6+vRfbWMrUTF3nC+iYRq6Q=",
        "owner": "saep",
        "repo": "neogit",
        "rev": "3232e935e367347e3896ffd07ff39b2dd892999a",
        "type": "github"
      },
      "original": {
        "owner": "saep",
        "ref": "open-or-scroll-commit-view",
        "repo": "neogit",
        "type": "github"
      }
    },
    "nixgl": {
      "inputs": {
        "flake-utils": "flake-utils",
        "nixpkgs": [
          "nixpkgs"
        ]
      },
      "locked": {
        "lastModified": 1710868679,
        "narHash": "sha256-V1o2bCZdeYKP/0zgVp4EN0KUjMItAMk6J7SvCXUI5IU=",
        "owner": "guibou",
        "repo": "nixGL",
        "rev": "d709a8abcde5b01db76ca794280745a43c8662be",
        "type": "github"
      },
      "original": {
        "owner": "guibou",
        "repo": "nixGL",
        "type": "github"
      }
    },
    "nixpkgs": {
      "locked": {
        "lastModified": 1711163522,
        "narHash": "sha256-YN/Ciidm+A0fmJPWlHBGvVkcarYWSC+s3NTPk/P+q3c=",
        "owner": "NixOS",
        "repo": "nixpkgs",
        "rev": "44d0940ea560dee511026a53f0e2e2cde489b4d4",
        "type": "github"
      },
      "original": {
        "id": "nixpkgs",
        "ref": "nixos-unstable",
        "type": "indirect"
      }
    },
    "nur": {
      "locked": {
        "lastModified": 1711454917,
        "narHash": "sha256-ftsufDtpDYgsAfe52qSWAv+mdf03Xv2Rnr3E3WodLqQ=",
        "owner": "nix-community",
        "repo": "NUR",
        "rev": "562ebfd91a464029a2c3968f444a913f28b7e701",
        "type": "github"
      },
      "original": {
        "owner": "nix-community",
        "repo": "NUR",
        "type": "github"
      }
    },
    "one-small-step-for-vimkind": {
      "flake": false,
      "locked": {
        "lastModified": 1710711069,
        "narHash": "sha256-f1vxmjSnsSAylKOV4+5z3Iy71ENO2q4D8cyfrWV0GMA=",
        "owner": "jbyuki",
        "repo": "one-small-step-for-vimkind",
        "rev": "cd2500ab74addeed6ac260a008dd649c01d3ba12",
        "type": "github"
      },
      "original": {
        "owner": "jbyuki",
        "repo": "one-small-step-for-vimkind",
        "type": "github"
      }
    },
    "root": {
      "inputs": {
        "home-manager": "home-manager",
        "neogit": "neogit",
        "nixgl": "nixgl",
        "nixpkgs": "nixpkgs",
        "nur": "nur",
        "one-small-step-for-vimkind": "one-small-step-for-vimkind",
        "rustaceanvim": "rustaceanvim"
      }
    },
    "rustaceanvim": {
      "flake": false,
      "locked": {
        "lastModified": 1711349119,
        "narHash": "sha256-dJteE8oiwqExgreSfx0XFDKRTkfZximVmTNH/q2jIjU=",
        "owner": "mrcjkb",
        "repo": "rustaceanvim",
        "rev": "f1065516e568ac66b0e175aca7bfae330ca627ce",
        "type": "github"
      },
      "original": {
        "owner": "mrcjkb",
        "repo": "rustaceanvim",
        "type": "github"
      }
    }
  },
  "root": "root",
  "version": 7
}
